<<<<<<< HEAD
﻿
Microsoft Visual Studio Solution File, Format Version 12.00
# Visual Studio 2015
Project("{FAE04EC0-301F-11D3-BF4B-00C04F79EFBC}") = "gamejamsiete", "gamejamsiete.csproj", "{CF8B30E9-2F5D-CBD3-AFD3-9824B646CE4A}"
EndProject
Global
	GlobalSection(SolutionConfigurationPlatforms) = preSolution
		Debug|Any CPU = Debug|Any CPU
		Release|Any CPU = Release|Any CPU
	EndGlobalSection
	GlobalSection(ProjectConfigurationPlatforms) = postSolution
		{CF8B30E9-2F5D-CBD3-AFD3-9824B646CE4A}.Debug|Any CPU.ActiveCfg = Debug|Any CPU
		{CF8B30E9-2F5D-CBD3-AFD3-9824B646CE4A}.Debug|Any CPU.Build.0 = Debug|Any CPU
		{CF8B30E9-2F5D-CBD3-AFD3-9824B646CE4A}.Release|Any CPU.ActiveCfg = Release|Any CPU
		{CF8B30E9-2F5D-CBD3-AFD3-9824B646CE4A}.Release|Any CPU.Build.0 = Release|Any CPU
	EndGlobalSection
	GlobalSection(SolutionProperties) = preSolution
		HideSolutionNode = FALSE
	EndGlobalSection
EndGlobal
=======
Microsoft Visual Studio Solution File, Format Version 11.00
# Visual Studio 2008

Project("{F0FBEADE-2889-4DC5-7142-7E67A4441894}") = "gamejamsiete", "Assembly-CSharp.csproj", "{BB673D9C-D61A-38A5-ED2D-548CF1B74DE2}"
EndProject
Global
	GlobalSection(SolutionConfigurationPlatforms) = preSolution
		Debug|Any CPU = Debug|Any CPU
		Release|Any CPU = Release|Any CPU
	EndGlobalSection
	GlobalSection(ProjectConfigurationPlatforms) = postSolution
		{BB673D9C-D61A-38A5-ED2D-548CF1B74DE2}.Debug|Any CPU.ActiveCfg = Debug|Any CPU
		{BB673D9C-D61A-38A5-ED2D-548CF1B74DE2}.Debug|Any CPU.Build.0 = Debug|Any CPU
		{BB673D9C-D61A-38A5-ED2D-548CF1B74DE2}.Release|Any CPU.ActiveCfg = Release|Any CPU
		{BB673D9C-D61A-38A5-ED2D-548CF1B74DE2}.Release|Any CPU.Build.0 = Release|Any CPU
	EndGlobalSection
	GlobalSection(SolutionProperties) = preSolution
		HideSolutionNode = FALSE
	EndGlobalSection
	GlobalSection(MonoDevelopProperties) = preSolution
		StartupItem = Assembly-CSharp.csproj
	EndGlobalSection
EndGlobal
>>>>>>> master
